
Microsoft Visual Studio Solution File, Format Version 12.00
# Visual Studio Version 17
VisualStudioVersion = 17.7.34031.279
MinimumVisualStudioVersion = 10.0.40219.1
Project("{FAE04EC0-301F-11D3-BF4B-00C04F79EFBC}") = "SMARTFIT", "SMARTFIT.csproj", "{BAA3B6DB-8A52-4FCC-B748-794930A754E6}"
EndProject
Global
	GlobalSection(SolutionConfigurationPlatforms) = preSolution
		Debug|Any CPU = Debug|Any CPU
		Release|Any CPU = Release|Any CPU
	EndGlobalSection
	GlobalSection(ProjectConfigurationPlatforms) = postSolution
		{BAA3B6DB-8A52-4FCC-B748-794930A754E6}.Debug|Any CPU.ActiveCfg = Debug|Any CPU
		{BAA3B6DB-8A52-4FCC-B748-794930A754E6}.Debug|Any CPU.Build.0 = Debug|Any CPU
		{BAA3B6DB-8A52-4FCC-B748-794930A754E6}.Release|Any CPU.ActiveCfg = Release|Any CPU
		{BAA3B6DB-8A52-4FCC-B748-794930A754E6}.Release|Any CPU.Build.0 = Release|Any CPU
	EndGlobalSection
	GlobalSection(SolutionProperties) = preSolution
		HideSolutionNode = FALSE
	EndGlobalSection
	GlobalSection(ExtensibilityGlobals) = postSolution
		SolutionGuid = {25F48302-5F2D-42FC-B8A9-124E97507E7E}
	EndGlobalSection
EndGlobal
